
Microsoft Visual Studio Solution File, Format Version 12.00
# Visual Studio Version 17
VisualStudioVersion = 17.1.32421.90
MinimumVisualStudioVersion = 10.0.40219.1
Project("{FAE04EC0-301F-11D3-BF4B-00C04F79EFBC}") = "ReportServiceViaSms", "ReportServiceViaSms\ReportServiceViaSms.csproj", "{2A5FC161-41F1-4F6D-8860-A6A92D601D6B}"
EndProject
Project("{FAE04EC0-301F-11D3-BF4B-00C04F79EFBC}") = "SmsSender", "SmsSender\SmsSender.csproj", "{8F5EC453-3CAA-427E-893F-1D9FF7E576B5}"
EndProject
Project("{FAE04EC0-301F-11D3-BF4B-00C04F79EFBC}") = "ReportServiceCore", "ReportServiceCore\ReportServiceCore.csproj", "{3ED0B057-8916-4CC8-AA22-8595912B2227}"
EndProject
Global
	GlobalSection(SolutionConfigurationPlatforms) = preSolution
		Debug|Any CPU = Debug|Any CPU
		Release|Any CPU = Release|Any CPU
	EndGlobalSection
	GlobalSection(ProjectConfigurationPlatforms) = postSolution
		{2A5FC161-41F1-4F6D-8860-A6A92D601D6B}.Debug|Any CPU.ActiveCfg = Debug|Any CPU
		{2A5FC161-41F1-4F6D-8860-A6A92D601D6B}.Debug|Any CPU.Build.0 = Debug|Any CPU
		{2A5FC161-41F1-4F6D-8860-A6A92D601D6B}.Release|Any CPU.ActiveCfg = Release|Any CPU
		{2A5FC161-41F1-4F6D-8860-A6A92D601D6B}.Release|Any CPU.Build.0 = Release|Any CPU
		{8F5EC453-3CAA-427E-893F-1D9FF7E576B5}.Debug|Any CPU.ActiveCfg = Debug|Any CPU
		{8F5EC453-3CAA-427E-893F-1D9FF7E576B5}.Debug|Any CPU.Build.0 = Debug|Any CPU
		{8F5EC453-3CAA-427E-893F-1D9FF7E576B5}.Release|Any CPU.ActiveCfg = Release|Any CPU
		{8F5EC453-3CAA-427E-893F-1D9FF7E576B5}.Release|Any CPU.Build.0 = Release|Any CPU
		{3ED0B057-8916-4CC8-AA22-8595912B2227}.Debug|Any CPU.ActiveCfg = Debug|Any CPU
		{3ED0B057-8916-4CC8-AA22-8595912B2227}.Debug|Any CPU.Build.0 = Debug|Any CPU
		{3ED0B057-8916-4CC8-AA22-8595912B2227}.Release|Any CPU.ActiveCfg = Release|Any CPU
		{3ED0B057-8916-4CC8-AA22-8595912B2227}.Release|Any CPU.Build.0 = Release|Any CPU
	EndGlobalSection
	GlobalSection(SolutionProperties) = preSolution
		HideSolutionNode = FALSE
	EndGlobalSection
	GlobalSection(ExtensibilityGlobals) = postSolution
		SolutionGuid = {AAB0FFE5-9C0D-4487-BE00-FE04F9B8003A}
	EndGlobalSection
EndGlobal
